
Microsoft Visual Studio Solution File, Format Version 12.00
# Visual Studio 15
VisualStudioVersion = 15.0.26430.6
MinimumVisualStudioVersion = 10.0.40219.1
Project("{FAE04EC0-301F-11D3-BF4B-00C04F79EFBC}") = "DeployerTarget", "Deployer\DeployerTarget.csproj", "{A936B2C9-1090-4B2D-BDCF-3FEAEF1C0E67}"
EndProject
Project("{2150E333-8FDC-42A3-9474-1A3956D46DE8}") = "Sample", "Sample", "{AEE86CCB-C17D-4855-B3AB-45F8C37BCC16}"
EndProject
Project("{FAE04EC0-301F-11D3-BF4B-00C04F79EFBC}") = "SampleApp", "Sample\SampleApp\SampleApp.csproj", "{CAAD4243-EA62-485F-B374-90934600B971}"
EndProject
Project("{2150E333-8FDC-42A3-9474-1A3956D46DE8}") = "tools", "tools", "{98209726-5112-4AED-9B46-CDA34EB1B09C}"
	ProjectSection(SolutionItems) = preProject
		nugetpush.ps1 = nugetpush.ps1
	EndProjectSection
EndProject
Global
	GlobalSection(SolutionConfigurationPlatforms) = preSolution
		Debug|Any CPU = Debug|Any CPU
		Release|Any CPU = Release|Any CPU
	EndGlobalSection
	GlobalSection(ProjectConfigurationPlatforms) = postSolution
		{A936B2C9-1090-4B2D-BDCF-3FEAEF1C0E67}.Debug|Any CPU.ActiveCfg = Debug|Any CPU
		{A936B2C9-1090-4B2D-BDCF-3FEAEF1C0E67}.Debug|Any CPU.Build.0 = Debug|Any CPU
		{A936B2C9-1090-4B2D-BDCF-3FEAEF1C0E67}.Release|Any CPU.ActiveCfg = Release|Any CPU
		{A936B2C9-1090-4B2D-BDCF-3FEAEF1C0E67}.Release|Any CPU.Build.0 = Release|Any CPU
		{CAAD4243-EA62-485F-B374-90934600B971}.Debug|Any CPU.ActiveCfg = Debug|Any CPU
		{CAAD4243-EA62-485F-B374-90934600B971}.Debug|Any CPU.Build.0 = Debug|Any CPU
		{CAAD4243-EA62-485F-B374-90934600B971}.Release|Any CPU.ActiveCfg = Release|Any CPU
		{CAAD4243-EA62-485F-B374-90934600B971}.Release|Any CPU.Build.0 = Release|Any CPU
	EndGlobalSection
	GlobalSection(SolutionProperties) = preSolution
		HideSolutionNode = FALSE
	EndGlobalSection
	GlobalSection(NestedProjects) = preSolution
		{CAAD4243-EA62-485F-B374-90934600B971} = {AEE86CCB-C17D-4855-B3AB-45F8C37BCC16}
	EndGlobalSection
EndGlobal
